
Microsoft Visual Studio Solution File, Format Version 12.00
# Visual Studio Version 16
VisualStudioVersion = 16.0.30711.63
MinimumVisualStudioVersion = 10.0.40219.1
Project("{FAE04EC0-301F-11D3-BF4B-00C04F79EFBC}") = "TwoMinitesToMidnight", "TwoMinitesToMidnight\TwoMinitesToMidnight.csproj", "{D612893B-F323-4227-BD1A-CB61AA76C184}"
EndProject
Project("{FAE04EC0-301F-11D3-BF4B-00C04F79EFBC}") = "Time", "Time\Time.csproj", "{CBB692B3-F9DF-481E-97F7-025081FEE734}"
EndProject
Project("{FAE04EC0-301F-11D3-BF4B-00C04F79EFBC}") = "TheStoryTelling", "TheStoryTelling\TheStoryTelling.csproj", "{65F15147-BDFA-4071-85F8-9F6EF1693E1E}"
EndProject
Global
	GlobalSection(SolutionConfigurationPlatforms) = preSolution
		Debug|Any CPU = Debug|Any CPU
		Release|Any CPU = Release|Any CPU
	EndGlobalSection
	GlobalSection(ProjectConfigurationPlatforms) = postSolution
		{D612893B-F323-4227-BD1A-CB61AA76C184}.Debug|Any CPU.ActiveCfg = Debug|Any CPU
		{D612893B-F323-4227-BD1A-CB61AA76C184}.Debug|Any CPU.Build.0 = Debug|Any CPU
		{D612893B-F323-4227-BD1A-CB61AA76C184}.Release|Any CPU.ActiveCfg = Release|Any CPU
		{D612893B-F323-4227-BD1A-CB61AA76C184}.Release|Any CPU.Build.0 = Release|Any CPU
		{CBB692B3-F9DF-481E-97F7-025081FEE734}.Debug|Any CPU.ActiveCfg = Debug|Any CPU
		{CBB692B3-F9DF-481E-97F7-025081FEE734}.Debug|Any CPU.Build.0 = Debug|Any CPU
		{CBB692B3-F9DF-481E-97F7-025081FEE734}.Release|Any CPU.ActiveCfg = Release|Any CPU
		{CBB692B3-F9DF-481E-97F7-025081FEE734}.Release|Any CPU.Build.0 = Release|Any CPU
		{65F15147-BDFA-4071-85F8-9F6EF1693E1E}.Debug|Any CPU.ActiveCfg = Debug|Any CPU
		{65F15147-BDFA-4071-85F8-9F6EF1693E1E}.Debug|Any CPU.Build.0 = Debug|Any CPU
		{65F15147-BDFA-4071-85F8-9F6EF1693E1E}.Release|Any CPU.ActiveCfg = Release|Any CPU
		{65F15147-BDFA-4071-85F8-9F6EF1693E1E}.Release|Any CPU.Build.0 = Release|Any CPU
	EndGlobalSection
	GlobalSection(SolutionProperties) = preSolution
		HideSolutionNode = FALSE
	EndGlobalSection
	GlobalSection(ExtensibilityGlobals) = postSolution
		SolutionGuid = {554323FA-791A-4F9B-A4B2-E6AF0B1B678B}
	EndGlobalSection
EndGlobal
