
Microsoft Visual Studio Solution File, Format Version 12.00
# Visual Studio Version 16
VisualStudioVersion = 16.0.28803.156
MinimumVisualStudioVersion = 10.0.40219.1
Project("{9A19103F-16F7-4668-BE54-9A1E7A4F7556}") = "SIS.HTTP", "SIS.HTTP\SIS.HTTP.csproj", "{B0EFD95C-2CC9-4A0D-AC00-97D65BED98DF}"
EndProject
Project("{2150E333-8FDC-42A3-9474-1A3956D46DE8}") = "Apps", "Apps", "{47708129-C3E2-4FE2-8D79-454C78149925}"
EndProject
Project("{2150E333-8FDC-42A3-9474-1A3956D46DE8}") = "IRunes", "IRunes", "{975FA711-98C2-4CAD-8DED-A2FFFB965F9A}"
EndProject
Project("{9A19103F-16F7-4668-BE54-9A1E7A4F7556}") = "IRunes.App", "Apps\IRunes\IRunes.App\IRunes.App.csproj", "{D2D20C9C-66D9-495F-8AC5-D84EDF1DF2C3}"
EndProject
Project("{9A19103F-16F7-4668-BE54-9A1E7A4F7556}") = "IRunes.Data", "Apps\IRunes\IRunes.Data\IRunes.Data.csproj", "{4E01D909-FC34-4B6D-BABB-6F316FB17BA6}"
EndProject
Project("{9A19103F-16F7-4668-BE54-9A1E7A4F7556}") = "IRunes.Models", "Apps\IRunes\IRunes.Models\IRunes.Models.csproj", "{4BE9540E-CDFD-4C0A-868E-BD7C89E317B4}"
EndProject
Project("{9A19103F-16F7-4668-BE54-9A1E7A4F7556}") = "SIS.MvcFramework.Tests", "SIS.MvcFramework.Tests\SIS.MvcFramework.Tests.csproj", "{89E33653-E5F3-4474-A12E-AC4220682C11}"
EndProject
Project("{9A19103F-16F7-4668-BE54-9A1E7A4F7556}") = "IRunes.Services", "Apps\IRunes\IRunes.Services\IRunes.Services.csproj", "{2EC6CA33-9827-4C3D-A6CD-EC6E62128650}"
EndProject
Project("{9A19103F-16F7-4668-BE54-9A1E7A4F7556}") = "SIS.MvcFramework", "SIS.MvcFramework\SIS.MvcFramework.csproj", "{D224C3DB-34C3-4904-8E92-8BAA6A316183}"
EndProject
Project("{9A19103F-16F7-4668-BE54-9A1E7A4F7556}") = "SIS.Common", "SIS.Common\SIS.Common.csproj", "{B5704B4A-209B-4594-B0CA-AC96EEFD42EC}"
EndProject
Project("{2150E333-8FDC-42A3-9474-1A3956D46DE8}") = "Panda", "Panda", "{0AF8DD2B-C868-40D8-B278-D1197DCA74A3}"
EndProject
Project("{9A19103F-16F7-4668-BE54-9A1E7A4F7556}") = "Panda.App", "Apps\Panda\Panda.App\Panda.App.csproj", "{AD2F1C67-285E-4520-B474-73C0E99221E8}"
EndProject
Project("{9A19103F-16F7-4668-BE54-9A1E7A4F7556}") = "Panda.Data", "Panda.Data\Panda.Data.csproj", "{E0EB0982-739F-4664-8168-24B7C3268642}"
EndProject
Project("{9A19103F-16F7-4668-BE54-9A1E7A4F7556}") = "Panda.Models", "Panda.Models\Panda.Models.csproj", "{EF9A4201-353A-44A1-A08E-D8211A694441}"
EndProject
Project("{9A19103F-16F7-4668-BE54-9A1E7A4F7556}") = "Panda.Services", "Panda.Services\Panda.Services.csproj", "{1D502F0D-A780-4428-944F-E382F96DA4C0}"
EndProject
Project("{2150E333-8FDC-42A3-9474-1A3956D46DE8}") = "Musaca", "Musaca", "{B73CE04B-01F0-4B11-915A-FCD723A9B49F}"
EndProject
Project("{9A19103F-16F7-4668-BE54-9A1E7A4F7556}") = "Musaca.App", "Apps\Musaca\Musaca.App\Musaca.App.csproj", "{207FBEAC-66F0-4BD1-89F7-405B0C78DA3C}"
EndProject
Project("{9A19103F-16F7-4668-BE54-9A1E7A4F7556}") = "Musaca.Data", "Apps\Musaca\Musaca.Data\Musaca.Data.csproj", "{1D8EE3D9-4BBF-4C39-8B93-DAD14A00F9D1}"
EndProject
Project("{9A19103F-16F7-4668-BE54-9A1E7A4F7556}") = "Musaca.Models", "Apps\Musaca\Musaca.Models\Musaca.Models.csproj", "{C54F9F49-CAB6-47C2-9511-289CE531C403}"
EndProject
Project("{9A19103F-16F7-4668-BE54-9A1E7A4F7556}") = "Musaca.Services", "Apps\Musaca\Musaca.Services\Musaca.Services.csproj", "{55A79321-ABF9-4F44-B5E5-C6E546B2AAF2}"
EndProject
Project("{2150E333-8FDC-42A3-9474-1A3956D46DE8}") = "Suls", "Suls", "{D4372DF9-2710-42CB-8147-9A40A0B258A0}"
EndProject
Project("{FAE04EC0-301F-11D3-BF4B-00C04F79EFBC}") = "Suls.Web", "Apps\Suls\Suls.Web\Suls.Web.csproj", "{179BDC9D-0ABE-45BF-B196-5B8E3FB6540A}"
EndProject
Project("{FAE04EC0-301F-11D3-BF4B-00C04F79EFBC}") = "Suls.Data", "Apps\Suls\Suls.Data\Suls.Data.csproj", "{903E9296-0923-4AC8-A814-A91B43392028}"
EndProject
Project("{FAE04EC0-301F-11D3-BF4B-00C04F79EFBC}") = "Suls.Models", "Apps\Suls\Suls.Models\Suls.Models.csproj", "{972751FA-D56E-400F-9F3D-F19CA4603315}"
EndProject
Project("{FAE04EC0-301F-11D3-BF4B-00C04F79EFBC}") = "Suls.Service", "Apps\Suls\Suls.Service\Suls.Service.csproj", "{9537DE9D-F437-4657-BDB2-0DBF775E5F9A}"
EndProject
Global
	GlobalSection(SolutionConfigurationPlatforms) = preSolution
		Debug|Any CPU = Debug|Any CPU
		Release|Any CPU = Release|Any CPU
	EndGlobalSection
	GlobalSection(ProjectConfigurationPlatforms) = postSolution
		{B0EFD95C-2CC9-4A0D-AC00-97D65BED98DF}.Debug|Any CPU.ActiveCfg = Debug|Any CPU
		{B0EFD95C-2CC9-4A0D-AC00-97D65BED98DF}.Debug|Any CPU.Build.0 = Debug|Any CPU
		{B0EFD95C-2CC9-4A0D-AC00-97D65BED98DF}.Release|Any CPU.ActiveCfg = Release|Any CPU
		{B0EFD95C-2CC9-4A0D-AC00-97D65BED98DF}.Release|Any CPU.Build.0 = Release|Any CPU
		{D2D20C9C-66D9-495F-8AC5-D84EDF1DF2C3}.Debug|Any CPU.ActiveCfg = Debug|Any CPU
		{D2D20C9C-66D9-495F-8AC5-D84EDF1DF2C3}.Debug|Any CPU.Build.0 = Debug|Any CPU
		{D2D20C9C-66D9-495F-8AC5-D84EDF1DF2C3}.Release|Any CPU.ActiveCfg = Release|Any CPU
		{D2D20C9C-66D9-495F-8AC5-D84EDF1DF2C3}.Release|Any CPU.Build.0 = Release|Any CPU
		{4E01D909-FC34-4B6D-BABB-6F316FB17BA6}.Debug|Any CPU.ActiveCfg = Debug|Any CPU
		{4E01D909-FC34-4B6D-BABB-6F316FB17BA6}.Debug|Any CPU.Build.0 = Debug|Any CPU
		{4E01D909-FC34-4B6D-BABB-6F316FB17BA6}.Release|Any CPU.ActiveCfg = Release|Any CPU
		{4E01D909-FC34-4B6D-BABB-6F316FB17BA6}.Release|Any CPU.Build.0 = Release|Any CPU
		{4BE9540E-CDFD-4C0A-868E-BD7C89E317B4}.Debug|Any CPU.ActiveCfg = Debug|Any CPU
		{4BE9540E-CDFD-4C0A-868E-BD7C89E317B4}.Debug|Any CPU.Build.0 = Debug|Any CPU
		{4BE9540E-CDFD-4C0A-868E-BD7C89E317B4}.Release|Any CPU.ActiveCfg = Release|Any CPU
		{4BE9540E-CDFD-4C0A-868E-BD7C89E317B4}.Release|Any CPU.Build.0 = Release|Any CPU
		{89E33653-E5F3-4474-A12E-AC4220682C11}.Debug|Any CPU.ActiveCfg = Debug|Any CPU
		{89E33653-E5F3-4474-A12E-AC4220682C11}.Debug|Any CPU.Build.0 = Debug|Any CPU
		{89E33653-E5F3-4474-A12E-AC4220682C11}.Release|Any CPU.ActiveCfg = Release|Any CPU
		{89E33653-E5F3-4474-A12E-AC4220682C11}.Release|Any CPU.Build.0 = Release|Any CPU
		{2EC6CA33-9827-4C3D-A6CD-EC6E62128650}.Debug|Any CPU.ActiveCfg = Debug|Any CPU
		{2EC6CA33-9827-4C3D-A6CD-EC6E62128650}.Debug|Any CPU.Build.0 = Debug|Any CPU
		{2EC6CA33-9827-4C3D-A6CD-EC6E62128650}.Release|Any CPU.ActiveCfg = Release|Any CPU
		{2EC6CA33-9827-4C3D-A6CD-EC6E62128650}.Release|Any CPU.Build.0 = Release|Any CPU
		{D224C3DB-34C3-4904-8E92-8BAA6A316183}.Debug|Any CPU.ActiveCfg = Debug|Any CPU
		{D224C3DB-34C3-4904-8E92-8BAA6A316183}.Debug|Any CPU.Build.0 = Debug|Any CPU
		{D224C3DB-34C3-4904-8E92-8BAA6A316183}.Release|Any CPU.ActiveCfg = Release|Any CPU
		{D224C3DB-34C3-4904-8E92-8BAA6A316183}.Release|Any CPU.Build.0 = Release|Any CPU
		{B5704B4A-209B-4594-B0CA-AC96EEFD42EC}.Debug|Any CPU.ActiveCfg = Debug|Any CPU
		{B5704B4A-209B-4594-B0CA-AC96EEFD42EC}.Debug|Any CPU.Build.0 = Debug|Any CPU
		{B5704B4A-209B-4594-B0CA-AC96EEFD42EC}.Release|Any CPU.ActiveCfg = Release|Any CPU
		{B5704B4A-209B-4594-B0CA-AC96EEFD42EC}.Release|Any CPU.Build.0 = Release|Any CPU
		{AD2F1C67-285E-4520-B474-73C0E99221E8}.Debug|Any CPU.ActiveCfg = Debug|Any CPU
		{AD2F1C67-285E-4520-B474-73C0E99221E8}.Debug|Any CPU.Build.0 = Debug|Any CPU
		{AD2F1C67-285E-4520-B474-73C0E99221E8}.Release|Any CPU.ActiveCfg = Release|Any CPU
		{AD2F1C67-285E-4520-B474-73C0E99221E8}.Release|Any CPU.Build.0 = Release|Any CPU
		{E0EB0982-739F-4664-8168-24B7C3268642}.Debug|Any CPU.ActiveCfg = Debug|Any CPU
		{E0EB0982-739F-4664-8168-24B7C3268642}.Debug|Any CPU.Build.0 = Debug|Any CPU
		{E0EB0982-739F-4664-8168-24B7C3268642}.Release|Any CPU.ActiveCfg = Release|Any CPU
		{E0EB0982-739F-4664-8168-24B7C3268642}.Release|Any CPU.Build.0 = Release|Any CPU
		{EF9A4201-353A-44A1-A08E-D8211A694441}.Debug|Any CPU.ActiveCfg = Debug|Any CPU
		{EF9A4201-353A-44A1-A08E-D8211A694441}.Debug|Any CPU.Build.0 = Debug|Any CPU
		{EF9A4201-353A-44A1-A08E-D8211A694441}.Release|Any CPU.ActiveCfg = Release|Any CPU
		{EF9A4201-353A-44A1-A08E-D8211A694441}.Release|Any CPU.Build.0 = Release|Any CPU
		{1D502F0D-A780-4428-944F-E382F96DA4C0}.Debug|Any CPU.ActiveCfg = Debug|Any CPU
		{1D502F0D-A780-4428-944F-E382F96DA4C0}.Debug|Any CPU.Build.0 = Debug|Any CPU
		{1D502F0D-A780-4428-944F-E382F96DA4C0}.Release|Any CPU.ActiveCfg = Release|Any CPU
		{1D502F0D-A780-4428-944F-E382F96DA4C0}.Release|Any CPU.Build.0 = Release|Any CPU
		{207FBEAC-66F0-4BD1-89F7-405B0C78DA3C}.Debug|Any CPU.ActiveCfg = Debug|Any CPU
		{207FBEAC-66F0-4BD1-89F7-405B0C78DA3C}.Debug|Any CPU.Build.0 = Debug|Any CPU
		{207FBEAC-66F0-4BD1-89F7-405B0C78DA3C}.Release|Any CPU.ActiveCfg = Release|Any CPU
		{207FBEAC-66F0-4BD1-89F7-405B0C78DA3C}.Release|Any CPU.Build.0 = Release|Any CPU
		{1D8EE3D9-4BBF-4C39-8B93-DAD14A00F9D1}.Debug|Any CPU.ActiveCfg = Debug|Any CPU
		{1D8EE3D9-4BBF-4C39-8B93-DAD14A00F9D1}.Debug|Any CPU.Build.0 = Debug|Any CPU
		{1D8EE3D9-4BBF-4C39-8B93-DAD14A00F9D1}.Release|Any CPU.ActiveCfg = Release|Any CPU
		{1D8EE3D9-4BBF-4C39-8B93-DAD14A00F9D1}.Release|Any CPU.Build.0 = Release|Any CPU
		{C54F9F49-CAB6-47C2-9511-289CE531C403}.Debug|Any CPU.ActiveCfg = Debug|Any CPU
		{C54F9F49-CAB6-47C2-9511-289CE531C403}.Debug|Any CPU.Build.0 = Debug|Any CPU
		{C54F9F49-CAB6-47C2-9511-289CE531C403}.Release|Any CPU.ActiveCfg = Release|Any CPU
		{C54F9F49-CAB6-47C2-9511-289CE531C403}.Release|Any CPU.Build.0 = Release|Any CPU
		{55A79321-ABF9-4F44-B5E5-C6E546B2AAF2}.Debug|Any CPU.ActiveCfg = Debug|Any CPU
		{55A79321-ABF9-4F44-B5E5-C6E546B2AAF2}.Debug|Any CPU.Build.0 = Debug|Any CPU
		{55A79321-ABF9-4F44-B5E5-C6E546B2AAF2}.Release|Any CPU.ActiveCfg = Release|Any CPU
		{55A79321-ABF9-4F44-B5E5-C6E546B2AAF2}.Release|Any CPU.Build.0 = Release|Any CPU
		{179BDC9D-0ABE-45BF-B196-5B8E3FB6540A}.Debug|Any CPU.ActiveCfg = Debug|Any CPU
		{179BDC9D-0ABE-45BF-B196-5B8E3FB6540A}.Debug|Any CPU.Build.0 = Debug|Any CPU
		{179BDC9D-0ABE-45BF-B196-5B8E3FB6540A}.Release|Any CPU.ActiveCfg = Release|Any CPU
		{179BDC9D-0ABE-45BF-B196-5B8E3FB6540A}.Release|Any CPU.Build.0 = Release|Any CPU
		{903E9296-0923-4AC8-A814-A91B43392028}.Debug|Any CPU.ActiveCfg = Debug|Any CPU
		{903E9296-0923-4AC8-A814-A91B43392028}.Debug|Any CPU.Build.0 = Debug|Any CPU
		{903E9296-0923-4AC8-A814-A91B43392028}.Release|Any CPU.ActiveCfg = Release|Any CPU
		{903E9296-0923-4AC8-A814-A91B43392028}.Release|Any CPU.Build.0 = Release|Any CPU
		{972751FA-D56E-400F-9F3D-F19CA4603315}.Debug|Any CPU.ActiveCfg = Debug|Any CPU
		{972751FA-D56E-400F-9F3D-F19CA4603315}.Debug|Any CPU.Build.0 = Debug|Any CPU
		{972751FA-D56E-400F-9F3D-F19CA4603315}.Release|Any CPU.ActiveCfg = Release|Any CPU
		{972751FA-D56E-400F-9F3D-F19CA4603315}.Release|Any CPU.Build.0 = Release|Any CPU
		{9537DE9D-F437-4657-BDB2-0DBF775E5F9A}.Debug|Any CPU.ActiveCfg = Debug|Any CPU
		{9537DE9D-F437-4657-BDB2-0DBF775E5F9A}.Debug|Any CPU.Build.0 = Debug|Any CPU
		{9537DE9D-F437-4657-BDB2-0DBF775E5F9A}.Release|Any CPU.ActiveCfg = Release|Any CPU
		{9537DE9D-F437-4657-BDB2-0DBF775E5F9A}.Release|Any CPU.Build.0 = Release|Any CPU
	EndGlobalSection
	GlobalSection(SolutionProperties) = preSolution
		HideSolutionNode = FALSE
	EndGlobalSection
	GlobalSection(NestedProjects) = preSolution
		{975FA711-98C2-4CAD-8DED-A2FFFB965F9A} = {47708129-C3E2-4FE2-8D79-454C78149925}
		{D2D20C9C-66D9-495F-8AC5-D84EDF1DF2C3} = {975FA711-98C2-4CAD-8DED-A2FFFB965F9A}
		{4E01D909-FC34-4B6D-BABB-6F316FB17BA6} = {975FA711-98C2-4CAD-8DED-A2FFFB965F9A}
		{4BE9540E-CDFD-4C0A-868E-BD7C89E317B4} = {975FA711-98C2-4CAD-8DED-A2FFFB965F9A}
		{2EC6CA33-9827-4C3D-A6CD-EC6E62128650} = {975FA711-98C2-4CAD-8DED-A2FFFB965F9A}
		{0AF8DD2B-C868-40D8-B278-D1197DCA74A3} = {47708129-C3E2-4FE2-8D79-454C78149925}
		{AD2F1C67-285E-4520-B474-73C0E99221E8} = {0AF8DD2B-C868-40D8-B278-D1197DCA74A3}
		{E0EB0982-739F-4664-8168-24B7C3268642} = {0AF8DD2B-C868-40D8-B278-D1197DCA74A3}
		{EF9A4201-353A-44A1-A08E-D8211A694441} = {0AF8DD2B-C868-40D8-B278-D1197DCA74A3}
		{1D502F0D-A780-4428-944F-E382F96DA4C0} = {0AF8DD2B-C868-40D8-B278-D1197DCA74A3}
		{B73CE04B-01F0-4B11-915A-FCD723A9B49F} = {47708129-C3E2-4FE2-8D79-454C78149925}
		{207FBEAC-66F0-4BD1-89F7-405B0C78DA3C} = {B73CE04B-01F0-4B11-915A-FCD723A9B49F}
		{1D8EE3D9-4BBF-4C39-8B93-DAD14A00F9D1} = {B73CE04B-01F0-4B11-915A-FCD723A9B49F}
		{C54F9F49-CAB6-47C2-9511-289CE531C403} = {B73CE04B-01F0-4B11-915A-FCD723A9B49F}
		{55A79321-ABF9-4F44-B5E5-C6E546B2AAF2} = {B73CE04B-01F0-4B11-915A-FCD723A9B49F}
		{D4372DF9-2710-42CB-8147-9A40A0B258A0} = {47708129-C3E2-4FE2-8D79-454C78149925}
		{179BDC9D-0ABE-45BF-B196-5B8E3FB6540A} = {D4372DF9-2710-42CB-8147-9A40A0B258A0}
		{903E9296-0923-4AC8-A814-A91B43392028} = {D4372DF9-2710-42CB-8147-9A40A0B258A0}
		{972751FA-D56E-400F-9F3D-F19CA4603315} = {D4372DF9-2710-42CB-8147-9A40A0B258A0}
		{9537DE9D-F437-4657-BDB2-0DBF775E5F9A} = {D4372DF9-2710-42CB-8147-9A40A0B258A0}
	EndGlobalSection
	GlobalSection(ExtensibilityGlobals) = postSolution
		SolutionGuid = {95749778-C448-4913-B813-04C78D964222}
	EndGlobalSection
EndGlobal
