
Microsoft Visual Studio Solution File, Format Version 12.00
# Visual Studio 15
VisualStudioVersion = 15.0.28010.2016
MinimumVisualStudioVersion = 10.0.40219.1
Project("{9A19103F-16F7-4668-BE54-9A1E7A4F7556}") = "P01_HospitalDatabase", "P01_HospitalDatabase\P01_HospitalDatabase.csproj", "{BE67228A-0065-4435-8458-B7E56617787B}"
EndProject
Project("{FAE04EC0-301F-11D3-BF4B-00C04F79EFBC}") = "P03_SalesDatabase", "P03_SalesDatabase\P03_SalesDatabase.csproj", "{2D7827C1-E682-4A8A-8583-AAAA21F425D5}"
EndProject
Global
	GlobalSection(SolutionConfigurationPlatforms) = preSolution
		Debug|Any CPU = Debug|Any CPU
		Release|Any CPU = Release|Any CPU
	EndGlobalSection
	GlobalSection(ProjectConfigurationPlatforms) = postSolution
		{BE67228A-0065-4435-8458-B7E56617787B}.Debug|Any CPU.ActiveCfg = Debug|Any CPU
		{BE67228A-0065-4435-8458-B7E56617787B}.Debug|Any CPU.Build.0 = Debug|Any CPU
		{BE67228A-0065-4435-8458-B7E56617787B}.Release|Any CPU.ActiveCfg = Release|Any CPU
		{BE67228A-0065-4435-8458-B7E56617787B}.Release|Any CPU.Build.0 = Release|Any CPU
		{2D7827C1-E682-4A8A-8583-AAAA21F425D5}.Debug|Any CPU.ActiveCfg = Debug|Any CPU
		{2D7827C1-E682-4A8A-8583-AAAA21F425D5}.Debug|Any CPU.Build.0 = Debug|Any CPU
		{2D7827C1-E682-4A8A-8583-AAAA21F425D5}.Release|Any CPU.ActiveCfg = Release|Any CPU
		{2D7827C1-E682-4A8A-8583-AAAA21F425D5}.Release|Any CPU.Build.0 = Release|Any CPU
	EndGlobalSection
	GlobalSection(SolutionProperties) = preSolution
		HideSolutionNode = FALSE
	EndGlobalSection
	GlobalSection(ExtensibilityGlobals) = postSolution
		SolutionGuid = {B7662FF6-14AA-4E08-BCEF-A08FD6BB607C}
	EndGlobalSection
EndGlobal
