
Microsoft Visual Studio Solution File, Format Version 12.00
# Visual Studio Version 16
VisualStudioVersion = 16.0.30711.63
MinimumVisualStudioVersion = 10.0.40219.1
Project("{FAE04EC0-301F-11D3-BF4B-00C04F79EFBC}") = "BlackFriday", "BlackFriday\BlackFriday.csproj", "{CA4F0FAB-25A7-4302-88D7-D78915240E8C}"
EndProject
Project("{FAE04EC0-301F-11D3-BF4B-00C04F79EFBC}") = "Boxes", "Boxes\Boxes.csproj", "{4A676EDA-DB76-4906-92CE-C82023760B8E}"
EndProject
Project("{FAE04EC0-301F-11D3-BF4B-00C04F79EFBC}") = "EmergencyPlan", "EmergencyPlan\EmergencyPlan.csproj", "{53E933DC-BBAC-458A-9B43-47756479D0A2}"
EndProject
Global
	GlobalSection(SolutionConfigurationPlatforms) = preSolution
		Debug|Any CPU = Debug|Any CPU
		Release|Any CPU = Release|Any CPU
	EndGlobalSection
	GlobalSection(ProjectConfigurationPlatforms) = postSolution
		{CA4F0FAB-25A7-4302-88D7-D78915240E8C}.Debug|Any CPU.ActiveCfg = Debug|Any CPU
		{CA4F0FAB-25A7-4302-88D7-D78915240E8C}.Debug|Any CPU.Build.0 = Debug|Any CPU
		{CA4F0FAB-25A7-4302-88D7-D78915240E8C}.Release|Any CPU.ActiveCfg = Release|Any CPU
		{CA4F0FAB-25A7-4302-88D7-D78915240E8C}.Release|Any CPU.Build.0 = Release|Any CPU
		{4A676EDA-DB76-4906-92CE-C82023760B8E}.Debug|Any CPU.ActiveCfg = Debug|Any CPU
		{4A676EDA-DB76-4906-92CE-C82023760B8E}.Debug|Any CPU.Build.0 = Debug|Any CPU
		{4A676EDA-DB76-4906-92CE-C82023760B8E}.Release|Any CPU.ActiveCfg = Release|Any CPU
		{4A676EDA-DB76-4906-92CE-C82023760B8E}.Release|Any CPU.Build.0 = Release|Any CPU
		{53E933DC-BBAC-458A-9B43-47756479D0A2}.Debug|Any CPU.ActiveCfg = Debug|Any CPU
		{53E933DC-BBAC-458A-9B43-47756479D0A2}.Debug|Any CPU.Build.0 = Debug|Any CPU
		{53E933DC-BBAC-458A-9B43-47756479D0A2}.Release|Any CPU.ActiveCfg = Release|Any CPU
		{53E933DC-BBAC-458A-9B43-47756479D0A2}.Release|Any CPU.Build.0 = Release|Any CPU
	EndGlobalSection
	GlobalSection(SolutionProperties) = preSolution
		HideSolutionNode = FALSE
	EndGlobalSection
	GlobalSection(ExtensibilityGlobals) = postSolution
		SolutionGuid = {80DBD759-A2B1-4BA3-99EE-4B7B3F1B1F81}
	EndGlobalSection
EndGlobal
