
Microsoft Visual Studio Solution File, Format Version 12.00
# Visual Studio 15
VisualStudioVersion = 15.0.28010.2016
MinimumVisualStudioVersion = 10.0.40219.1
Project("{9A19103F-16F7-4668-BE54-9A1E7A4F7556}") = "p01 Bank Account", "p01 Bank Account\p01 Bank Account.csproj", "{93D87F40-7DE5-48CA-9FD4-3C2EC0D0F580}"
EndProject
Project("{FAE04EC0-301F-11D3-BF4B-00C04F79EFBC}") = "p02 Bank Account Methods", "p02 Bank Account Methods\p02 Bank Account Methods.csproj", "{ABB2AA25-5E6F-45D8-9C0F-20CDD9D3EB29}"
EndProject
Project("{FAE04EC0-301F-11D3-BF4B-00C04F79EFBC}") = "p03 Test Client", "p03 Test Client\p03 Test Client.csproj", "{E5234F19-7544-45DB-BF6C-7210EA770B46}"
EndProject
Project("{FAE04EC0-301F-11D3-BF4B-00C04F79EFBC}") = "p04 Person Class", "p04 Person Class\p04 Person Class.csproj", "{3B9979C8-2B3A-4634-B803-61B9FC083638}"
EndProject
Global
	GlobalSection(SolutionConfigurationPlatforms) = preSolution
		Debug|Any CPU = Debug|Any CPU
		Release|Any CPU = Release|Any CPU
	EndGlobalSection
	GlobalSection(ProjectConfigurationPlatforms) = postSolution
		{93D87F40-7DE5-48CA-9FD4-3C2EC0D0F580}.Debug|Any CPU.ActiveCfg = Debug|Any CPU
		{93D87F40-7DE5-48CA-9FD4-3C2EC0D0F580}.Debug|Any CPU.Build.0 = Debug|Any CPU
		{93D87F40-7DE5-48CA-9FD4-3C2EC0D0F580}.Release|Any CPU.ActiveCfg = Release|Any CPU
		{93D87F40-7DE5-48CA-9FD4-3C2EC0D0F580}.Release|Any CPU.Build.0 = Release|Any CPU
		{ABB2AA25-5E6F-45D8-9C0F-20CDD9D3EB29}.Debug|Any CPU.ActiveCfg = Debug|Any CPU
		{ABB2AA25-5E6F-45D8-9C0F-20CDD9D3EB29}.Debug|Any CPU.Build.0 = Debug|Any CPU
		{ABB2AA25-5E6F-45D8-9C0F-20CDD9D3EB29}.Release|Any CPU.ActiveCfg = Release|Any CPU
		{ABB2AA25-5E6F-45D8-9C0F-20CDD9D3EB29}.Release|Any CPU.Build.0 = Release|Any CPU
		{E5234F19-7544-45DB-BF6C-7210EA770B46}.Debug|Any CPU.ActiveCfg = Debug|Any CPU
		{E5234F19-7544-45DB-BF6C-7210EA770B46}.Debug|Any CPU.Build.0 = Debug|Any CPU
		{E5234F19-7544-45DB-BF6C-7210EA770B46}.Release|Any CPU.ActiveCfg = Release|Any CPU
		{E5234F19-7544-45DB-BF6C-7210EA770B46}.Release|Any CPU.Build.0 = Release|Any CPU
		{3B9979C8-2B3A-4634-B803-61B9FC083638}.Debug|Any CPU.ActiveCfg = Debug|Any CPU
		{3B9979C8-2B3A-4634-B803-61B9FC083638}.Debug|Any CPU.Build.0 = Debug|Any CPU
		{3B9979C8-2B3A-4634-B803-61B9FC083638}.Release|Any CPU.ActiveCfg = Release|Any CPU
		{3B9979C8-2B3A-4634-B803-61B9FC083638}.Release|Any CPU.Build.0 = Release|Any CPU
	EndGlobalSection
	GlobalSection(SolutionProperties) = preSolution
		HideSolutionNode = FALSE
	EndGlobalSection
	GlobalSection(ExtensibilityGlobals) = postSolution
		SolutionGuid = {41B8950F-9913-4365-8075-47392586DC80}
	EndGlobalSection
EndGlobal
