
Microsoft Visual Studio Solution File, Format Version 12.00
# Visual Studio Version 16
VisualStudioVersion = 16.0.30711.63
MinimumVisualStudioVersion = 10.0.40219.1
Project("{FAE04EC0-301F-11D3-BF4B-00C04F79EFBC}") = "Permutations-Without-Repetitions", "Permutations-Without-Repetitions\Permutations-Without-Repetitions.csproj", "{A74BF8EA-3818-4EAE-A262-FEE0DE5C8260}"
EndProject
Project("{FAE04EC0-301F-11D3-BF4B-00C04F79EFBC}") = "Permutations_With_Repetition", "Permutations_With_Repetition\Permutations_With_Repetition.csproj", "{0D6E31E7-CA0E-473F-8F2C-00562951203D}"
EndProject
Global
	GlobalSection(SolutionConfigurationPlatforms) = preSolution
		Debug|Any CPU = Debug|Any CPU
		Release|Any CPU = Release|Any CPU
	EndGlobalSection
	GlobalSection(ProjectConfigurationPlatforms) = postSolution
		{A74BF8EA-3818-4EAE-A262-FEE0DE5C8260}.Debug|Any CPU.ActiveCfg = Debug|Any CPU
		{A74BF8EA-3818-4EAE-A262-FEE0DE5C8260}.Debug|Any CPU.Build.0 = Debug|Any CPU
		{A74BF8EA-3818-4EAE-A262-FEE0DE5C8260}.Release|Any CPU.ActiveCfg = Release|Any CPU
		{A74BF8EA-3818-4EAE-A262-FEE0DE5C8260}.Release|Any CPU.Build.0 = Release|Any CPU
		{0D6E31E7-CA0E-473F-8F2C-00562951203D}.Debug|Any CPU.ActiveCfg = Debug|Any CPU
		{0D6E31E7-CA0E-473F-8F2C-00562951203D}.Debug|Any CPU.Build.0 = Debug|Any CPU
		{0D6E31E7-CA0E-473F-8F2C-00562951203D}.Release|Any CPU.ActiveCfg = Release|Any CPU
		{0D6E31E7-CA0E-473F-8F2C-00562951203D}.Release|Any CPU.Build.0 = Release|Any CPU
	EndGlobalSection
	GlobalSection(SolutionProperties) = preSolution
		HideSolutionNode = FALSE
	EndGlobalSection
	GlobalSection(ExtensibilityGlobals) = postSolution
		SolutionGuid = {C63AF5E2-4B14-450F-9331-57457C8117DD}
	EndGlobalSection
EndGlobal
