
Microsoft Visual Studio Solution File, Format Version 12.00
# Visual Studio Version 16
VisualStudioVersion = 16.0.30711.63
MinimumVisualStudioVersion = 10.0.40219.1
Project("{FAE04EC0-301F-11D3-BF4B-00C04F79EFBC}") = "ElectricSubstationNetwork", "ElectricSubstationNetwork\ElectricSubstationNetwork.csproj", "{CDB32BE3-835F-4E3F-989A-12F3A1034014}"
EndProject
Project("{FAE04EC0-301F-11D3-BF4B-00C04F79EFBC}") = "MaximuxTasksAssingment", "MaximuxTasksAssingment\MaximuxTasksAssingment.csproj", "{EDE1A8B5-2974-4E63-83E8-B957ABF4DD8E}"
EndProject
Project("{FAE04EC0-301F-11D3-BF4B-00C04F79EFBC}") = "BiConnectedComponents", "BiConnectedComponents\BiConnectedComponents.csproj", "{97D9AB5A-E7E1-4AD4-90CA-FC3604A63A6E}"
EndProject
Global
	GlobalSection(SolutionConfigurationPlatforms) = preSolution
		Debug|Any CPU = Debug|Any CPU
		Release|Any CPU = Release|Any CPU
	EndGlobalSection
	GlobalSection(ProjectConfigurationPlatforms) = postSolution
		{CDB32BE3-835F-4E3F-989A-12F3A1034014}.Debug|Any CPU.ActiveCfg = Debug|Any CPU
		{CDB32BE3-835F-4E3F-989A-12F3A1034014}.Debug|Any CPU.Build.0 = Debug|Any CPU
		{CDB32BE3-835F-4E3F-989A-12F3A1034014}.Release|Any CPU.ActiveCfg = Release|Any CPU
		{CDB32BE3-835F-4E3F-989A-12F3A1034014}.Release|Any CPU.Build.0 = Release|Any CPU
		{EDE1A8B5-2974-4E63-83E8-B957ABF4DD8E}.Debug|Any CPU.ActiveCfg = Debug|Any CPU
		{EDE1A8B5-2974-4E63-83E8-B957ABF4DD8E}.Debug|Any CPU.Build.0 = Debug|Any CPU
		{EDE1A8B5-2974-4E63-83E8-B957ABF4DD8E}.Release|Any CPU.ActiveCfg = Release|Any CPU
		{EDE1A8B5-2974-4E63-83E8-B957ABF4DD8E}.Release|Any CPU.Build.0 = Release|Any CPU
		{97D9AB5A-E7E1-4AD4-90CA-FC3604A63A6E}.Debug|Any CPU.ActiveCfg = Debug|Any CPU
		{97D9AB5A-E7E1-4AD4-90CA-FC3604A63A6E}.Debug|Any CPU.Build.0 = Debug|Any CPU
		{97D9AB5A-E7E1-4AD4-90CA-FC3604A63A6E}.Release|Any CPU.ActiveCfg = Release|Any CPU
		{97D9AB5A-E7E1-4AD4-90CA-FC3604A63A6E}.Release|Any CPU.Build.0 = Release|Any CPU
	EndGlobalSection
	GlobalSection(SolutionProperties) = preSolution
		HideSolutionNode = FALSE
	EndGlobalSection
	GlobalSection(ExtensibilityGlobals) = postSolution
		SolutionGuid = {E330FA73-5AC1-4929-93B5-DE659842A27E}
	EndGlobalSection
EndGlobal
